
Microsoft Visual Studio Solution File, Format Version 12.00
# Visual Studio Version 17
VisualStudioVersion = 17.10.35013.160
MinimumVisualStudioVersion = 10.0.40219.1
Project("{FAE04EC0-301F-11D3-BF4B-00C04F79EFBC}") = "Module1", "Module1\Module1.csproj", "{5A154A13-B4F1-469F-BBA2-DC60BA8084D2}"
EndProject
Project("{FAE04EC0-301F-11D3-BF4B-00C04F79EFBC}") = "Module1.WindowsForm", "Module1.WindowsForm\Module1.WindowsForm.csproj", "{E7C3871B-06B7-4A95-9E79-181E9A4F27E9}"
EndProject
Project("{FAE04EC0-301F-11D3-BF4B-00C04F79EFBC}") = "Module1.Task2.ClassLibrary", "Module1.Task2.ClassLibrary\Module1.Task2.ClassLibrary.csproj", "{1B789551-CD54-4C04-B763-92885E3639DD}"
EndProject
Global
	GlobalSection(SolutionConfigurationPlatforms) = preSolution
		Debug|Any CPU = Debug|Any CPU
		Release|Any CPU = Release|Any CPU
	EndGlobalSection
	GlobalSection(ProjectConfigurationPlatforms) = postSolution
		{5A154A13-B4F1-469F-BBA2-DC60BA8084D2}.Debug|Any CPU.ActiveCfg = Debug|Any CPU
		{5A154A13-B4F1-469F-BBA2-DC60BA8084D2}.Debug|Any CPU.Build.0 = Debug|Any CPU
		{5A154A13-B4F1-469F-BBA2-DC60BA8084D2}.Release|Any CPU.ActiveCfg = Release|Any CPU
		{5A154A13-B4F1-469F-BBA2-DC60BA8084D2}.Release|Any CPU.Build.0 = Release|Any CPU
		{E7C3871B-06B7-4A95-9E79-181E9A4F27E9}.Debug|Any CPU.ActiveCfg = Debug|Any CPU
		{E7C3871B-06B7-4A95-9E79-181E9A4F27E9}.Debug|Any CPU.Build.0 = Debug|Any CPU
		{E7C3871B-06B7-4A95-9E79-181E9A4F27E9}.Release|Any CPU.ActiveCfg = Release|Any CPU
		{E7C3871B-06B7-4A95-9E79-181E9A4F27E9}.Release|Any CPU.Build.0 = Release|Any CPU
		{1B789551-CD54-4C04-B763-92885E3639DD}.Debug|Any CPU.ActiveCfg = Debug|Any CPU
		{1B789551-CD54-4C04-B763-92885E3639DD}.Debug|Any CPU.Build.0 = Debug|Any CPU
		{1B789551-CD54-4C04-B763-92885E3639DD}.Release|Any CPU.ActiveCfg = Release|Any CPU
		{1B789551-CD54-4C04-B763-92885E3639DD}.Release|Any CPU.Build.0 = Release|Any CPU
	EndGlobalSection
	GlobalSection(SolutionProperties) = preSolution
		HideSolutionNode = FALSE
	EndGlobalSection
	GlobalSection(ExtensibilityGlobals) = postSolution
		SolutionGuid = {8A0AFE05-177C-4C81-9CA4-4130FACC073C}
	EndGlobalSection
EndGlobal
